
Microsoft Visual Studio Solution File, Format Version 12.00
# Visual Studio 15
VisualStudioVersion = 15.0.27428.2027
MinimumVisualStudioVersion = 10.0.40219.1
Project("{FAE04EC0-301F-11D3-BF4B-00C04F79EFBC}") = "GUI_FileSysWatcher", "GUI_FileSysWatcher\GUI_FileSysWatcher.csproj", "{D1287A31-9D45-45DA-BE14-84DC46E5B3C9}"
EndProject
Global
	GlobalSection(SolutionConfigurationPlatforms) = preSolution
		Debug|Any CPU = Debug|Any CPU
		Release|Any CPU = Release|Any CPU
	EndGlobalSection
	GlobalSection(ProjectConfigurationPlatforms) = postSolution
		{D1287A31-9D45-45DA-BE14-84DC46E5B3C9}.Debug|Any CPU.ActiveCfg = Debug|Any CPU
		{D1287A31-9D45-45DA-BE14-84DC46E5B3C9}.Debug|Any CPU.Build.0 = Debug|Any CPU
		{D1287A31-9D45-45DA-BE14-84DC46E5B3C9}.Release|Any CPU.ActiveCfg = Release|Any CPU
		{D1287A31-9D45-45DA-BE14-84DC46E5B3C9}.Release|Any CPU.Build.0 = Release|Any CPU
	EndGlobalSection
	GlobalSection(SolutionProperties) = preSolution
		HideSolutionNode = FALSE
	EndGlobalSection
	GlobalSection(ExtensibilityGlobals) = postSolution
		SolutionGuid = {2B2D35F8-4203-4E52-B4EB-0F5D94941D7E}
	EndGlobalSection
EndGlobal
